
Microsoft Visual Studio Solution File, Format Version 12.00
# Visual Studio Version 17
VisualStudioVersion = 17.14.36414.22 d17.14
MinimumVisualStudioVersion = 10.0.40219.1
Project("{FAE04EC0-301F-11D3-BF4B-00C04F79EFBC}") = "Inlämninguppgift1", "Inlämninguppgift1.csproj", "{97B3BA95-A05F-4A12-8787-8956AC859022}"
EndProject
Global
	GlobalSection(SolutionConfigurationPlatforms) = preSolution
		Debug|Any CPU = Debug|Any CPU
		Release|Any CPU = Release|Any CPU
	EndGlobalSection
	GlobalSection(ProjectConfigurationPlatforms) = postSolution
		{97B3BA95-A05F-4A12-8787-8956AC859022}.Debug|Any CPU.ActiveCfg = Debug|Any CPU
		{97B3BA95-A05F-4A12-8787-8956AC859022}.Debug|Any CPU.Build.0 = Debug|Any CPU
		{97B3BA95-A05F-4A12-8787-8956AC859022}.Release|Any CPU.ActiveCfg = Release|Any CPU
		{97B3BA95-A05F-4A12-8787-8956AC859022}.Release|Any CPU.Build.0 = Release|Any CPU
	EndGlobalSection
	GlobalSection(SolutionProperties) = preSolution
		HideSolutionNode = FALSE
	EndGlobalSection
	GlobalSection(ExtensibilityGlobals) = postSolution
		SolutionGuid = {DCB564E9-360D-4DE9-A578-B5660EBB7C3A}
	EndGlobalSection
EndGlobal
